
Microsoft Visual Studio Solution File, Format Version 12.00
# Visual Studio Version 16
VisualStudioVersion = 16.0.30204.135
MinimumVisualStudioVersion = 10.0.40219.1
Project("{FAE04EC0-301F-11D3-BF4B-00C04F79EFBC}") = "ConsoleApp3", "ConsoleApp3.csproj", "{F50B779B-0DE7-493A-801C-6206ED49183E}"
EndProject
Global
	GlobalSection(SolutionConfigurationPlatforms) = preSolution
		Debug|Any CPU = Debug|Any CPU
		Release|Any CPU = Release|Any CPU
	EndGlobalSection
	GlobalSection(ProjectConfigurationPlatforms) = postSolution
		{F50B779B-0DE7-493A-801C-6206ED49183E}.Debug|Any CPU.ActiveCfg = Debug|Any CPU
		{F50B779B-0DE7-493A-801C-6206ED49183E}.Debug|Any CPU.Build.0 = Debug|Any CPU
		{F50B779B-0DE7-493A-801C-6206ED49183E}.Release|Any CPU.ActiveCfg = Release|Any CPU
		{F50B779B-0DE7-493A-801C-6206ED49183E}.Release|Any CPU.Build.0 = Release|Any CPU
	EndGlobalSection
	GlobalSection(SolutionProperties) = preSolution
		HideSolutionNode = FALSE
	EndGlobalSection
	GlobalSection(ExtensibilityGlobals) = postSolution
		SolutionGuid = {08986006-7EF5-4197-A8C2-BC0A970CC263}
	EndGlobalSection
EndGlobal
